# THIS IS AN AUTOGENERATED FILE. DO NOT EDIT THIS FILE DIRECTLY.
# yarn lockfile v1


funcadelic@^0.5.0:
  version "0.5.4"
  resolved "https://registry.yarnpkg.com/funcadelic/-/funcadelic-0.5.4.tgz#04cac2d150a81e7982c7ad9b5df0e11cb565858d"
  dependencies:
    invariant "2.2.4"

invariant@2.2.4:
  version "2.2.4"
  resolved "https://registry.yarnpkg.com/invariant/-/invariant-2.2.4.tgz#610f3c92c9359ce1db616e538008d23ff35158e6"
  dependencies:
    loose-envify "^1.0.0"

"js-tokens@^3.0.0 || ^4.0.0":
  version "4.0.0"
  resolved "https://registry.yarnpkg.com/js-tokens/-/js-tokens-4.0.0.tgz#19203fb59991df98e3a287050d4647cdeaf32499"

loose-envify@^1.0.0:
  version "1.4.0"
  resolved "https://registry.yarnpkg.com/loose-envify/-/loose-envify-1.4.0.tgz#71ee51fa7be4caec1a63839f7e682d8132d30caf"
  dependencies:
    js-tokens "^3.0.0 || ^4.0.0"

microstates@^0.10.1:
  version "0.10.1"
  resolved "https://registry.yarnpkg.com/microstates/-/microstates-0.10.1.tgz#d80049da602951177b92a8ccb9e80ec9ead19285"
  dependencies:
    funcadelic "^0.5.0"
    symbol-observable "^1.2.0"

symbol-observable@^1.2.0:
  version "1.2.0"
  resolved "https://registry.yarnpkg.com/symbol-observable/-/symbol-observable-1.2.0.tgz#c22688aed4eab3cdc2dfeacbb561660560a00804"
